// !$*UTF8*$!
{
	archiveVersion = 1;
	classes = {
	};
	objectVersion = 77;
	objects = {

/* Begin PBXBuildFile section */
		300000000000000000000024 /* LiteRTLM in Frameworks */ = {isa = PBXBuildFile; productRef = 100000000000000000000006 /* LiteRTLM */; };
		500000000000000000000003 /* Markdown in Frameworks */ = {isa = PBXBuildFile; productRef = 500000000000000000000002 /* Markdown */; };
		500000000000000000000006 /* SwiftMath in Frameworks */ = {isa = PBXBuildFile; productRef = 500000000000000000000005 /* SwiftMath */; };
/* End PBXBuildFile section */

/* Begin PBXCopyFilesBuildPhase section */
		100000000000000000000022 /* Embed Frameworks */ = {
			isa = PBXCopyFilesBuildPhase;
			buildActionMask = 2147483647;
			dstPath = "";
			dstSubfolderSpec = 10;
			files = (
			);
			name = "Embed Frameworks";
			runOnlyForDeploymentPostprocessing = 0;
		};
/* End PBXCopyFilesBuildPhase section */

/* Begin PBXContainerItemProxy section */
		100000000000000000000021 /* PBXContainerItemProxy */ = {
			isa = PBXContainerItemProxy;
			containerPortal = 100000000000000000000001 /* Project object */;
			proxyType = 1;
			remoteGlobalIDString = 100000000000000000000002;
			remoteInfo = iRTChat;
		};
		400000000000000000000008 /* PBXContainerItemProxy */ = {
			isa = PBXContainerItemProxy;
			containerPortal = 100000000000000000000001 /* Project object */;
			proxyType = 1;
			remoteGlobalIDString = 100000000000000000000002;
			remoteInfo = iRTChat;
		};
		400000000000000000000018 /* PBXContainerItemProxy */ = {
			isa = PBXContainerItemProxy;
			containerPortal = 100000000000000000000001 /* Project object */;
			proxyType = 1;
			remoteGlobalIDString = 100000000000000000000002;
			remoteInfo = iRTChat;
		};
/* End PBXContainerItemProxy section */

/* Begin PBXFileReference section */
		100000000000000000000016 /* iRTChat.app */ = {isa = PBXFileReference; explicitFileType = wrapper.application; includeInIndex = 0; path = iRTChat.app; sourceTree = BUILT_PRODUCTS_DIR; };
		100000000000000000000017 /* iRTChatTests.xctest */ = {isa = PBXFileReference; explicitFileType = wrapper.cfbundle; includeInIndex = 0; path = iRTChatTests.xctest; sourceTree = BUILT_PRODUCTS_DIR; };
		400000000000000000000001 /* iRTChatDeviceTests.xctest */ = {isa = PBXFileReference; explicitFileType = wrapper.cfbundle; includeInIndex = 0; path = iRTChatDeviceTests.xctest; sourceTree = BUILT_PRODUCTS_DIR; };
		400000000000000000000011 /* iRTChatUITests.xctest */ = {isa = PBXFileReference; explicitFileType = wrapper.cfbundle; includeInIndex = 0; path = iRTChatUITests.xctest; sourceTree = BUILT_PRODUCTS_DIR; };
/* End PBXFileReference section */

/* Begin PBXFileSystemSynchronizedBuildFileExceptionSet section */
		400000000000000000000043 /* Exceptions for "iRTChat" folder in "iRTChat" target */ = {
			isa = PBXFileSystemSynchronizedBuildFileExceptionSet;
			membershipExceptions = (
				iRTChat.entitlements,
			);
			target = 100000000000000000000002 /* iRTChat */;
		};
/* End PBXFileSystemSynchronizedBuildFileExceptionSet section */

/* Begin PBXFileSystemSynchronizedRootGroup section */
		400000000000000000000041 /* iRTChat */ = {
			isa = PBXFileSystemSynchronizedRootGroup;
			exceptions = (
				400000000000000000000043 /* Exceptions for "iRTChat" folder in "iRTChat" target */,
			);
			path = iRTChat;
			sourceTree = "<group>";
		};
		400000000000000000000042 /* iRTChatTests */ = {
			isa = PBXFileSystemSynchronizedRootGroup;
			path = iRTChatTests;
			sourceTree = "<group>";
		};
		400000000000000000000002 /* iRTChatDeviceTests */ = {
			isa = PBXFileSystemSynchronizedRootGroup;
			path = iRTChatDeviceTests;
			sourceTree = "<group>";
		};
		400000000000000000000012 /* iRTChatUITests */ = {
			isa = PBXFileSystemSynchronizedRootGroup;
			path = iRTChatUITests;
			sourceTree = "<group>";
		};
/* End PBXFileSystemSynchronizedRootGroup section */

/* Begin PBXFrameworksBuildPhase section */
		100000000000000000000008 /* Frameworks */ = {
			isa = PBXFrameworksBuildPhase;
			buildActionMask = 2147483647;
			files = (
				300000000000000000000024 /* LiteRTLM in Frameworks */,
				500000000000000000000003 /* Markdown in Frameworks */,
				500000000000000000000006 /* SwiftMath in Frameworks */,
			);
			runOnlyForDeploymentPostprocessing = 0;
		};
		10000000000000000000000B /* Frameworks */ = {
			isa = PBXFrameworksBuildPhase;
			buildActionMask = 2147483647;
			files = (
			);
			runOnlyForDeploymentPostprocessing = 0;
		};
		400000000000000000000005 /* Frameworks */ = {
			isa = PBXFrameworksBuildPhase;
			buildActionMask = 2147483647;
			files = (
			);
			runOnlyForDeploymentPostprocessing = 0;
		};
		400000000000000000000015 /* Frameworks */ = {
			isa = PBXFrameworksBuildPhase;
			buildActionMask = 2147483647;
			files = (
			);
			runOnlyForDeploymentPostprocessing = 0;
		};
/* End PBXFrameworksBuildPhase section */

/* Begin PBXGroup section */
		10000000000000000000000D /* Main */ = {
			isa = PBXGroup;
			children = (
				400000000000000000000041 /* iRTChat */,
				400000000000000000000042 /* iRTChatTests */,
				400000000000000000000002 /* iRTChatDeviceTests */,
				400000000000000000000012 /* iRTChatUITests */,
				100000000000000000000015 /* Products */,
			);
			sourceTree = "<group>";
		};
		100000000000000000000015 /* Products */ = {
			isa = PBXGroup;
			children = (
				100000000000000000000016 /* iRTChat.app */,
				100000000000000000000017 /* iRTChatTests.xctest */,
				400000000000000000000001 /* iRTChatDeviceTests.xctest */,
				400000000000000000000011 /* iRTChatUITests.xctest */,
			);
			name = Products;
			sourceTree = "<group>";
		};
/* End PBXGroup section */

/* Begin PBXNativeTarget section */
		100000000000000000000002 /* iRTChat */ = {
			isa = PBXNativeTarget;
			buildConfigurationList = 10000000000000000000001B /* Build configuration list for PBXNativeTarget "iRTChat" */;
			buildPhases = (
				100000000000000000000007 /* Sources */,
				100000000000000000000008 /* Frameworks */,
				100000000000000000000009 /* Resources */,
				100000000000000000000022 /* Embed Frameworks */,
			);
			buildRules = (
			);
			dependencies = (
			);
			name = iRTChat;
			packageProductDependencies = (
				100000000000000000000006 /* LiteRTLM */,
				500000000000000000000002 /* Markdown */,
				500000000000000000000005 /* SwiftMath */,
			);
			fileSystemSynchronizedGroups = (
				400000000000000000000041 /* iRTChat */,
			);
			productName = iRTChat;
			productReference = 100000000000000000000016 /* iRTChat.app */;
			productType = "com.apple.product-type.application";
		};
		100000000000000000000003 /* iRTChatTests */ = {
			isa = PBXNativeTarget;
			buildConfigurationList = 10000000000000000000001E /* Build configuration list for PBXNativeTarget "iRTChatTests" */;
			buildPhases = (
				10000000000000000000000A /* Sources */,
				10000000000000000000000B /* Frameworks */,
				10000000000000000000000C /* Resources */,
			);
			buildRules = (
			);
			dependencies = (
				100000000000000000000004 /* PBXTargetDependency */,
			);
			fileSystemSynchronizedGroups = (
				400000000000000000000042 /* iRTChatTests */,
			);
			name = iRTChatTests;
			productName = iRTChatTests;
			productReference = 100000000000000000000017 /* iRTChatTests.xctest */;
			productType = "com.apple.product-type.bundle.unit-test";
		};
		400000000000000000000003 /* iRTChatDeviceTests */ = {
			isa = PBXNativeTarget;
			buildConfigurationList = 400000000000000000000009 /* Build configuration list for PBXNativeTarget "iRTChatDeviceTests" */;
			buildPhases = (
				400000000000000000000004 /* Sources */,
				400000000000000000000005 /* Frameworks */,
				400000000000000000000006 /* Resources */,
			);
			buildRules = (
			);
			dependencies = (
				400000000000000000000007 /* PBXTargetDependency */,
			);
			fileSystemSynchronizedGroups = (
				400000000000000000000002 /* iRTChatDeviceTests */,
			);
			name = iRTChatDeviceTests;
			productName = iRTChatDeviceTests;
			productReference = 400000000000000000000001 /* iRTChatDeviceTests.xctest */;
			productType = "com.apple.product-type.bundle.unit-test";
		};
		400000000000000000000013 /* iRTChatUITests */ = {
			isa = PBXNativeTarget;
			buildConfigurationList = 400000000000000000000019 /* Build configuration list for PBXNativeTarget "iRTChatUITests" */;
			buildPhases = (
				400000000000000000000014 /* Sources */,
				400000000000000000000015 /* Frameworks */,
				400000000000000000000016 /* Resources */,
			);
			buildRules = (
			);
			dependencies = (
				400000000000000000000017 /* PBXTargetDependency */,
			);
			fileSystemSynchronizedGroups = (
				400000000000000000000012 /* iRTChatUITests */,
			);
			name = iRTChatUITests;
			productName = iRTChatUITests;
			productReference = 400000000000000000000011 /* iRTChatUITests.xctest */;
			productType = "com.apple.product-type.bundle.ui-testing";
		};
/* End PBXNativeTarget section */

/* Begin PBXProject section */
		100000000000000000000001 /* Project object */ = {
			isa = PBXProject;
			attributes = {
				BuildIndependentTargetsInParallel = 1;
				LastSwiftUpdateCheck = 1700;
				LastUpgradeCheck = 1700;
				TargetAttributes = {
					100000000000000000000002 = {
						CreatedOnToolsVersion = 17.0;
					};
					100000000000000000000003 = {
						CreatedOnToolsVersion = 17.0;
						TestTargetID = 100000000000000000000002;
					};
					400000000000000000000003 = {
						CreatedOnToolsVersion = 27.0;
						TestTargetID = 100000000000000000000002;
					};
					400000000000000000000013 = {
						CreatedOnToolsVersion = 27.0;
						TestTargetID = 100000000000000000000002;
					};
				};
			};
			buildConfigurationList = 100000000000000000000018 /* Build configuration list for PBXProject "iRTChat" */;
			compatibilityVersion = "Xcode 16.0";
			developmentRegion = en;
			hasScannedForEncodings = 0;
			knownRegions = (
				en,
				Base,
			);
			mainGroup = 10000000000000000000000D;
			packageReferences = (
				100000000000000000000005 /* XCLocalSwiftPackageReference "Vendor/LiteRT-LM" */,
				500000000000000000000001 /* XCRemoteSwiftPackageReference "swift-markdown" */,
				500000000000000000000004 /* XCRemoteSwiftPackageReference "SwiftMath" */,
			);
			productRefGroup = 100000000000000000000015 /* Products */;
			projectDirPath = "";
			projectRoot = "";
			targets = (
				100000000000000000000002 /* iRTChat */,
				100000000000000000000003 /* iRTChatTests */,
				400000000000000000000003 /* iRTChatDeviceTests */,
				400000000000000000000013 /* iRTChatUITests */,
			);
		};
/* End PBXProject section */

/* Begin PBXResourcesBuildPhase section */
		100000000000000000000009 /* Resources */ = {
			isa = PBXResourcesBuildPhase;
			buildActionMask = 2147483647;
			files = (
			);
			runOnlyForDeploymentPostprocessing = 0;
		};
		10000000000000000000000C /* Resources */ = {
			isa = PBXResourcesBuildPhase;
			buildActionMask = 2147483647;
			files = (
			);
			runOnlyForDeploymentPostprocessing = 0;
		};
		400000000000000000000006 /* Resources */ = {
			isa = PBXResourcesBuildPhase;
			buildActionMask = 2147483647;
			files = (
			);
			runOnlyForDeploymentPostprocessing = 0;
		};
		400000000000000000000016 /* Resources */ = {
			isa = PBXResourcesBuildPhase;
			buildActionMask = 2147483647;
			files = (
			);
			runOnlyForDeploymentPostprocessing = 0;
		};
/* End PBXResourcesBuildPhase section */

/* Begin PBXSourcesBuildPhase section */
		100000000000000000000007 /* Sources */ = {
			isa = PBXSourcesBuildPhase;
			buildActionMask = 2147483647;
			files = (
			);
			runOnlyForDeploymentPostprocessing = 0;
		};
		10000000000000000000000A /* Sources */ = {
			isa = PBXSourcesBuildPhase;
			buildActionMask = 2147483647;
			files = (
			);
			runOnlyForDeploymentPostprocessing = 0;
		};
		400000000000000000000004 /* Sources */ = {
			isa = PBXSourcesBuildPhase;
			buildActionMask = 2147483647;
			files = (
			);
			runOnlyForDeploymentPostprocessing = 0;
		};
		400000000000000000000014 /* Sources */ = {
			isa = PBXSourcesBuildPhase;
			buildActionMask = 2147483647;
			files = (
			);
			runOnlyForDeploymentPostprocessing = 0;
		};
/* End PBXSourcesBuildPhase section */

/* Begin PBXTargetDependency section */
		100000000000000000000004 /* PBXTargetDependency */ = {
			isa = PBXTargetDependency;
			target = 100000000000000000000002 /* iRTChat */;
			targetProxy = 100000000000000000000021 /* PBXContainerItemProxy */;
		};
		400000000000000000000007 /* PBXTargetDependency */ = {
			isa = PBXTargetDependency;
			target = 100000000000000000000002 /* iRTChat */;
			targetProxy = 400000000000000000000008 /* PBXContainerItemProxy */;
		};
		400000000000000000000017 /* PBXTargetDependency */ = {
			isa = PBXTargetDependency;
			target = 100000000000000000000002 /* iRTChat */;
			targetProxy = 400000000000000000000018 /* PBXContainerItemProxy */;
		};
/* End PBXTargetDependency section */

/* Begin XCBuildConfiguration section */
		100000000000000000000019 /* Debug */ = {
			isa = XCBuildConfiguration;
			buildSettings = {
				ALWAYS_SEARCH_USER_PATHS = NO;
				CLANG_ANALYZER_NONNULL = YES;
				CLANG_ANALYZER_NUMBER_OBJECT_CONVERSION = YES_AGGRESSIVE;
				CLANG_CXX_LANGUAGE_STANDARD = "gnu++20";
				CLANG_ENABLE_MODULES = YES;
				CLANG_ENABLE_OBJC_ARC = YES;
				CLANG_WARN_DOCUMENTATION_COMMENTS = YES;
				CLANG_WARN_UNGUARDED_AVAILABILITY = YES_AGGRESSIVE;
				COPY_PHASE_STRIP = NO;
				DEBUG_INFORMATION_FORMAT = dwarf;
				ENABLE_STRICT_OBJC_MSGSEND = YES;
				ENABLE_TESTABILITY = YES;
				ENABLE_USER_SCRIPT_SANDBOXING = YES;
				GCC_C_LANGUAGE_STANDARD = gnu17;
				GCC_DYNAMIC_NO_PIC = NO;
				GCC_NO_COMMON_BLOCKS = YES;
				GCC_OPTIMIZATION_LEVEL = 0;
				GCC_PREPROCESSOR_DEFINITIONS = (
					"DEBUG=1",
					"$(inherited)",
				);
				GCC_WARN_64_TO_32_BIT_CONVERSION = YES;
				GCC_WARN_UNDECLARED_SELECTOR = YES;
				GCC_WARN_UNINITIALIZED_AUTOS = YES_AGGRESSIVE;
				IPHONEOS_DEPLOYMENT_TARGET = 27.0;
				MTL_ENABLE_DEBUG_INFO = INCLUDE_SOURCE;
				ONLY_ACTIVE_ARCH = YES;
				SDKROOT = iphoneos;
				SWIFT_ACTIVE_COMPILATION_CONDITIONS = "DEBUG $(inherited)";
				SWIFT_OPTIMIZATION_LEVEL = "-Onone";
			};
			name = Debug;
		};
		10000000000000000000001A /* Release */ = {
			isa = XCBuildConfiguration;
			buildSettings = {
				ALWAYS_SEARCH_USER_PATHS = NO;
				CLANG_ANALYZER_NONNULL = YES;
				CLANG_ANALYZER_NUMBER_OBJECT_CONVERSION = YES_AGGRESSIVE;
				CLANG_CXX_LANGUAGE_STANDARD = "gnu++20";
				CLANG_ENABLE_MODULES = YES;
				CLANG_ENABLE_OBJC_ARC = YES;
				CLANG_WARN_DOCUMENTATION_COMMENTS = YES;
				CLANG_WARN_UNGUARDED_AVAILABILITY = YES_AGGRESSIVE;
				COPY_PHASE_STRIP = NO;
				DEBUG_INFORMATION_FORMAT = "dwarf-with-dsym";
				ENABLE_NS_ASSERTIONS = NO;
				ENABLE_STRICT_OBJC_MSGSEND = YES;
				ENABLE_USER_SCRIPT_SANDBOXING = YES;
				GCC_C_LANGUAGE_STANDARD = gnu17;
				GCC_NO_COMMON_BLOCKS = YES;
				GCC_OPTIMIZATION_LEVEL = s;
				GCC_WARN_64_TO_32_BIT_CONVERSION = YES;
				GCC_WARN_UNDECLARED_SELECTOR = YES;
				GCC_WARN_UNINITIALIZED_AUTOS = YES_AGGRESSIVE;
				IPHONEOS_DEPLOYMENT_TARGET = 27.0;
				MTL_ENABLE_DEBUG_INFO = NO;
				MTL_FAST_MATH = YES;
				SDKROOT = iphoneos;
				SWIFT_COMPILATION_MODE = wholemodule;
				SWIFT_OPTIMIZATION_LEVEL = "-O";
				VALIDATE_PRODUCT = YES;
			};
			name = Release;
		};
		10000000000000000000001C /* Debug */ = {
			isa = XCBuildConfiguration;
			buildSettings = {
				ASSETCATALOG_COMPILER_GENERATE_SWIFT_ASSET_SYMBOL_EXTENSIONS = YES;
				CODE_SIGN_ENTITLEMENTS = iRTChat/iRTChat.entitlements;
				CODE_SIGN_STYLE = Automatic;
				DEVELOPMENT_TEAM = FK2D8X36G2;
				CURRENT_PROJECT_VERSION = 1;
				GENERATE_INFOPLIST_FILE = YES;
				INFOPLIST_KEY_CFBundleDisplayName = iRTChat;
				INFOPLIST_KEY_LSRequiresIPhoneOS = YES;
				INFOPLIST_KEY_NSCameraUsageDescription = "iRTChat uses the camera to take photos for the on-device model to see.";
				INFOPLIST_KEY_NSMicrophoneUsageDescription = "iRTChat uses the microphone to record voice messages for the on-device model.";
				INFOPLIST_KEY_NSPhotoLibraryUsageDescription = "iRTChat lets you attach photos for the on-device model to see.";
				INFOPLIST_KEY_UIApplicationSupportsIndirectInputEvents = YES;
				INFOPLIST_KEY_UIRequiredDeviceCapabilities = "iphone-performance-gaming-tier";
				INFOPLIST_KEY_UISupportedInterfaceOrientations_iPhone = "UIInterfaceOrientationPortrait UIInterfaceOrientationLandscapeLeft UIInterfaceOrientationLandscapeRight";
				IPHONEOS_DEPLOYMENT_TARGET = 27.0;
				MARKETING_VERSION = 1.0;
				PRODUCT_BUNDLE_IDENTIFIER = com.patricedery.irtchat;
				PRODUCT_NAME = "$(TARGET_NAME)";
				SWIFT_EMIT_LOC_STRINGS = YES;
				SWIFT_VERSION = 6.0;
				TARGETED_DEVICE_FAMILY = 1;
				LD_RUNPATH_SEARCH_PATHS = (
					"$(inherited)",
					"@executable_path/Frameworks",
				);
			};
			name = Debug;
		};
		10000000000000000000001D /* Release */ = {
			isa = XCBuildConfiguration;
			buildSettings = {
				ASSETCATALOG_COMPILER_GENERATE_SWIFT_ASSET_SYMBOL_EXTENSIONS = YES;
				CODE_SIGN_ENTITLEMENTS = iRTChat/iRTChat.entitlements;
				CODE_SIGN_STYLE = Automatic;
				DEVELOPMENT_TEAM = FK2D8X36G2;
				CURRENT_PROJECT_VERSION = 1;
				GENERATE_INFOPLIST_FILE = YES;
				INFOPLIST_KEY_CFBundleDisplayName = iRTChat;
				INFOPLIST_KEY_LSRequiresIPhoneOS = YES;
				INFOPLIST_KEY_NSCameraUsageDescription = "iRTChat uses the camera to take photos for the on-device model to see.";
				INFOPLIST_KEY_NSMicrophoneUsageDescription = "iRTChat uses the microphone to record voice messages for the on-device model.";
				INFOPLIST_KEY_NSPhotoLibraryUsageDescription = "iRTChat lets you attach photos for the on-device model to see.";
				INFOPLIST_KEY_UIApplicationSupportsIndirectInputEvents = YES;
				INFOPLIST_KEY_UIRequiredDeviceCapabilities = "iphone-performance-gaming-tier";
				INFOPLIST_KEY_UISupportedInterfaceOrientations_iPhone = "UIInterfaceOrientationPortrait UIInterfaceOrientationLandscapeLeft UIInterfaceOrientationLandscapeRight";
				IPHONEOS_DEPLOYMENT_TARGET = 27.0;
				MARKETING_VERSION = 1.0;
				PRODUCT_BUNDLE_IDENTIFIER = com.patricedery.irtchat;
				PRODUCT_NAME = "$(TARGET_NAME)";
				SWIFT_EMIT_LOC_STRINGS = YES;
				SWIFT_VERSION = 6.0;
				TARGETED_DEVICE_FAMILY = 1;
				LD_RUNPATH_SEARCH_PATHS = (
					"$(inherited)",
					"@executable_path/Frameworks",
				);
			};
			name = Release;
		};
		10000000000000000000001F /* Debug */ = {
			isa = XCBuildConfiguration;
			buildSettings = {
				BUNDLE_LOADER = "$(TEST_HOST)";
				CODE_SIGN_STYLE = Automatic;
				DEVELOPMENT_TEAM = FK2D8X36G2;
				CURRENT_PROJECT_VERSION = 1;
				GENERATE_INFOPLIST_FILE = YES;
				IPHONEOS_DEPLOYMENT_TARGET = 27.0;
				MARKETING_VERSION = 1.0;
				PRODUCT_BUNDLE_IDENTIFIER = "com.patricedery.irtchat.tests";
				PRODUCT_NAME = "$(TARGET_NAME)";
				SWIFT_EMIT_LOC_STRINGS = YES;
				SWIFT_VERSION = 6.0;
				TARGETED_DEVICE_FAMILY = 1;
				TEST_HOST = "$(BUILT_PRODUCTS_DIR)/iRTChat.app/$(BUNDLE_EXECUTABLE_FOLDER_PATH)/iRTChat";
				LD_RUNPATH_SEARCH_PATHS = (
					"$(inherited)",
					"@executable_path/Frameworks",
					"@loader_path/../Frameworks",
				);
			};
			name = Debug;
		};
		100000000000000000000020 /* Release */ = {
			isa = XCBuildConfiguration;
			buildSettings = {
				BUNDLE_LOADER = "$(TEST_HOST)";
				CODE_SIGN_STYLE = Automatic;
				DEVELOPMENT_TEAM = FK2D8X36G2;
				CURRENT_PROJECT_VERSION = 1;
				GENERATE_INFOPLIST_FILE = YES;
				IPHONEOS_DEPLOYMENT_TARGET = 27.0;
				MARKETING_VERSION = 1.0;
				PRODUCT_BUNDLE_IDENTIFIER = "com.patricedery.irtchat.tests";
				PRODUCT_NAME = "$(TARGET_NAME)";
				SWIFT_EMIT_LOC_STRINGS = YES;
				SWIFT_VERSION = 6.0;
				TARGETED_DEVICE_FAMILY = 1;
				TEST_HOST = "$(BUILT_PRODUCTS_DIR)/iRTChat.app/$(BUNDLE_EXECUTABLE_FOLDER_PATH)/iRTChat";
				LD_RUNPATH_SEARCH_PATHS = (
					"$(inherited)",
					"@executable_path/Frameworks",
					"@loader_path/../Frameworks",
				);
			};
			name = Release;
		};
		40000000000000000000000A /* Debug */ = {
			isa = XCBuildConfiguration;
			buildSettings = {
				BUNDLE_LOADER = "$(TEST_HOST)";
				CODE_SIGN_STYLE = Automatic;
				DEVELOPMENT_TEAM = FK2D8X36G2;
				CURRENT_PROJECT_VERSION = 1;
				GENERATE_INFOPLIST_FILE = YES;
				IPHONEOS_DEPLOYMENT_TARGET = 27.0;
				MARKETING_VERSION = 1.0;
				PRODUCT_BUNDLE_IDENTIFIER = "com.patricedery.irtchat.devicetests";
				PRODUCT_NAME = "$(TARGET_NAME)";
				SWIFT_EMIT_LOC_STRINGS = YES;
				SWIFT_VERSION = 6.0;
				TARGETED_DEVICE_FAMILY = 1;
				TEST_HOST = "$(BUILT_PRODUCTS_DIR)/iRTChat.app/$(BUNDLE_EXECUTABLE_FOLDER_PATH)/iRTChat";
				LD_RUNPATH_SEARCH_PATHS = (
					"$(inherited)",
					"@executable_path/Frameworks",
					"@loader_path/../Frameworks",
				);
			};
			name = Debug;
		};
		40000000000000000000000B /* Release */ = {
			isa = XCBuildConfiguration;
			buildSettings = {
				BUNDLE_LOADER = "$(TEST_HOST)";
				CODE_SIGN_STYLE = Automatic;
				DEVELOPMENT_TEAM = FK2D8X36G2;
				CURRENT_PROJECT_VERSION = 1;
				GENERATE_INFOPLIST_FILE = YES;
				IPHONEOS_DEPLOYMENT_TARGET = 27.0;
				MARKETING_VERSION = 1.0;
				PRODUCT_BUNDLE_IDENTIFIER = "com.patricedery.irtchat.devicetests";
				PRODUCT_NAME = "$(TARGET_NAME)";
				SWIFT_EMIT_LOC_STRINGS = YES;
				SWIFT_VERSION = 6.0;
				TARGETED_DEVICE_FAMILY = 1;
				TEST_HOST = "$(BUILT_PRODUCTS_DIR)/iRTChat.app/$(BUNDLE_EXECUTABLE_FOLDER_PATH)/iRTChat";
				LD_RUNPATH_SEARCH_PATHS = (
					"$(inherited)",
					"@executable_path/Frameworks",
					"@loader_path/../Frameworks",
				);
			};
			name = Release;
		};
		40000000000000000000001A /* Debug */ = {
			isa = XCBuildConfiguration;
			buildSettings = {
				CODE_SIGN_STYLE = Automatic;
				DEVELOPMENT_TEAM = FK2D8X36G2;
				CURRENT_PROJECT_VERSION = 1;
				GENERATE_INFOPLIST_FILE = YES;
				IPHONEOS_DEPLOYMENT_TARGET = 27.0;
				MARKETING_VERSION = 1.0;
				PRODUCT_BUNDLE_IDENTIFIER = "com.patricedery.irtchat.uitests";
				PRODUCT_NAME = "$(TARGET_NAME)";
				SWIFT_EMIT_LOC_STRINGS = YES;
				SWIFT_VERSION = 6.0;
				TARGETED_DEVICE_FAMILY = 1;
				TEST_TARGET_NAME = iRTChat;
				LD_RUNPATH_SEARCH_PATHS = (
					"$(inherited)",
					"@executable_path/Frameworks",
					"@loader_path/Frameworks",
				);
			};
			name = Debug;
		};
		40000000000000000000001B /* Release */ = {
			isa = XCBuildConfiguration;
			buildSettings = {
				CODE_SIGN_STYLE = Automatic;
				DEVELOPMENT_TEAM = FK2D8X36G2;
				CURRENT_PROJECT_VERSION = 1;
				GENERATE_INFOPLIST_FILE = YES;
				IPHONEOS_DEPLOYMENT_TARGET = 27.0;
				MARKETING_VERSION = 1.0;
				PRODUCT_BUNDLE_IDENTIFIER = "com.patricedery.irtchat.uitests";
				PRODUCT_NAME = "$(TARGET_NAME)";
				SWIFT_EMIT_LOC_STRINGS = YES;
				SWIFT_VERSION = 6.0;
				TARGETED_DEVICE_FAMILY = 1;
				TEST_TARGET_NAME = iRTChat;
				LD_RUNPATH_SEARCH_PATHS = (
					"$(inherited)",
					"@executable_path/Frameworks",
					"@loader_path/Frameworks",
				);
			};
			name = Release;
		};
/* End XCBuildConfiguration section */

/* Begin XCConfigurationList section */
		100000000000000000000018 /* Build configuration list for PBXProject "iRTChat" */ = {
			isa = XCConfigurationList;
			buildConfigurations = (
				100000000000000000000019 /* Debug */,
				10000000000000000000001A /* Release */,
			);
			defaultConfigurationIsVisible = 0;
			defaultConfigurationName = Release;
		};
		10000000000000000000001B /* Build configuration list for PBXNativeTarget "iRTChat" */ = {
			isa = XCConfigurationList;
			buildConfigurations = (
				10000000000000000000001C /* Debug */,
				10000000000000000000001D /* Release */,
			);
			defaultConfigurationIsVisible = 0;
			defaultConfigurationName = Release;
		};
		10000000000000000000001E /* Build configuration list for PBXNativeTarget "iRTChatTests" */ = {
			isa = XCConfigurationList;
			buildConfigurations = (
				10000000000000000000001F /* Debug */,
				100000000000000000000020 /* Release */,
			);
			defaultConfigurationIsVisible = 0;
			defaultConfigurationName = Release;
		};
		400000000000000000000009 /* Build configuration list for PBXNativeTarget "iRTChatDeviceTests" */ = {
			isa = XCConfigurationList;
			buildConfigurations = (
				40000000000000000000000A /* Debug */,
				40000000000000000000000B /* Release */,
			);
			defaultConfigurationIsVisible = 0;
			defaultConfigurationName = Release;
		};
		400000000000000000000019 /* Build configuration list for PBXNativeTarget "iRTChatUITests" */ = {
			isa = XCConfigurationList;
			buildConfigurations = (
				40000000000000000000001A /* Debug */,
				40000000000000000000001B /* Release */,
			);
			defaultConfigurationIsVisible = 0;
			defaultConfigurationName = Release;
		};
/* End XCConfigurationList section */

/* Begin XCLocalSwiftPackageReference section */
		100000000000000000000005 /* XCLocalSwiftPackageReference "Vendor/LiteRT-LM" */ = {
			isa = XCLocalSwiftPackageReference;
			relativePath = "Vendor/LiteRT-LM";
		};
/* End XCLocalSwiftPackageReference section */

/* Begin XCRemoteSwiftPackageReference section */
		500000000000000000000001 /* XCRemoteSwiftPackageReference "swift-markdown" */ = {
			isa = XCRemoteSwiftPackageReference;
			repositoryURL = "https://github.com/swiftlang/swift-markdown.git";
			requirement = {
				kind = upToNextMinorVersion;
				minimumVersion = 0.9.0;
			};
		};
		500000000000000000000004 /* XCRemoteSwiftPackageReference "SwiftMath" */ = {
			isa = XCRemoteSwiftPackageReference;
			repositoryURL = "https://github.com/mgriebling/SwiftMath.git";
			requirement = {
				kind = upToNextMajorVersion;
				minimumVersion = 1.7.3;
			};
		};
/* End XCRemoteSwiftPackageReference section */

/* Begin XCSwiftPackageProductDependency section */
		100000000000000000000006 /* LiteRTLM */ = {
			isa = XCSwiftPackageProductDependency;
			package = 100000000000000000000005 /* XCLocalSwiftPackageReference "Vendor/LiteRT-LM" */;
			productName = LiteRTLM;
		};
		500000000000000000000002 /* Markdown */ = {
			isa = XCSwiftPackageProductDependency;
			package = 500000000000000000000001 /* XCRemoteSwiftPackageReference "swift-markdown" */;
			productName = Markdown;
		};
		500000000000000000000005 /* SwiftMath */ = {
			isa = XCSwiftPackageProductDependency;
			package = 500000000000000000000004 /* XCRemoteSwiftPackageReference "SwiftMath" */;
			productName = SwiftMath;
		};
/* End XCSwiftPackageProductDependency section */
	};
	rootObject = 100000000000000000000001 /* Project object */;
}
